
Microsoft Visual Studio Solution File, Format Version 12.00
# Visual Studio 15
VisualStudioVersion = 15.0.26228.4
MinimumVisualStudioVersion = 10.0.40219.1
Project("{FAE04EC0-301F-11D3-BF4B-00C04F79EFBC}") = "Signalr2ProcessExample.API", "Signlar2ProcessExample.API\Signalr2ProcessExample.API.csproj", "{E8EF60B6-10FF-4E3B-BE17-A493DEBA46E4}"
EndProject
Project("{FAE04EC0-301F-11D3-BF4B-00C04F79EFBC}") = "Signalr2ProcessExample.SignlalR", "Signlar2ProcessExample.SignlalR\Signalr2ProcessExample.SignlalR.csproj", "{A7CCFF65-5517-4D7F-B2B1-7F3F2C4516D6}"
EndProject
Project("{FAE04EC0-301F-11D3-BF4B-00C04F79EFBC}") = "Signalr2ProcessExample.Web", "Signlar2ProcessExample.Web\Signalr2ProcessExample.Web.csproj", "{24C1D27A-3551-4128-AC64-0400C00B7A6B}"
EndProject
Project("{FAE04EC0-301F-11D3-BF4B-00C04F79EFBC}") = "Signalr2ProcessExample.Models", "Signalr2ProcessExample.Models\Signalr2ProcessExample.Models.csproj", "{0EB6E62D-248B-40DB-85C3-2CC9C211AA86}"
EndProject
Global
	GlobalSection(SolutionConfigurationPlatforms) = preSolution
		Debug|Any CPU = Debug|Any CPU
		Release|Any CPU = Release|Any CPU
	EndGlobalSection
	GlobalSection(ProjectConfigurationPlatforms) = postSolution
		{E8EF60B6-10FF-4E3B-BE17-A493DEBA46E4}.Debug|Any CPU.ActiveCfg = Debug|Any CPU
		{E8EF60B6-10FF-4E3B-BE17-A493DEBA46E4}.Debug|Any CPU.Build.0 = Debug|Any CPU
		{E8EF60B6-10FF-4E3B-BE17-A493DEBA46E4}.Release|Any CPU.ActiveCfg = Release|Any CPU
		{E8EF60B6-10FF-4E3B-BE17-A493DEBA46E4}.Release|Any CPU.Build.0 = Release|Any CPU
		{A7CCFF65-5517-4D7F-B2B1-7F3F2C4516D6}.Debug|Any CPU.ActiveCfg = Debug|Any CPU
		{A7CCFF65-5517-4D7F-B2B1-7F3F2C4516D6}.Debug|Any CPU.Build.0 = Debug|Any CPU
		{A7CCFF65-5517-4D7F-B2B1-7F3F2C4516D6}.Release|Any CPU.ActiveCfg = Release|Any CPU
		{A7CCFF65-5517-4D7F-B2B1-7F3F2C4516D6}.Release|Any CPU.Build.0 = Release|Any CPU
		{24C1D27A-3551-4128-AC64-0400C00B7A6B}.Debug|Any CPU.ActiveCfg = Debug|Any CPU
		{24C1D27A-3551-4128-AC64-0400C00B7A6B}.Debug|Any CPU.Build.0 = Debug|Any CPU
		{24C1D27A-3551-4128-AC64-0400C00B7A6B}.Release|Any CPU.ActiveCfg = Release|Any CPU
		{24C1D27A-3551-4128-AC64-0400C00B7A6B}.Release|Any CPU.Build.0 = Release|Any CPU
		{0EB6E62D-248B-40DB-85C3-2CC9C211AA86}.Debug|Any CPU.ActiveCfg = Debug|Any CPU
		{0EB6E62D-248B-40DB-85C3-2CC9C211AA86}.Debug|Any CPU.Build.0 = Debug|Any CPU
		{0EB6E62D-248B-40DB-85C3-2CC9C211AA86}.Release|Any CPU.ActiveCfg = Release|Any CPU
		{0EB6E62D-248B-40DB-85C3-2CC9C211AA86}.Release|Any CPU.Build.0 = Release|Any CPU
	EndGlobalSection
	GlobalSection(SolutionProperties) = preSolution
		HideSolutionNode = FALSE
	EndGlobalSection
EndGlobal
